
Microsoft Visual Studio Solution File, Format Version 12.00
# Visual Studio Version 16
VisualStudioVersion = 16.0.29709.97
MinimumVisualStudioVersion = 10.0.40219.1
Project("{9A19103F-16F7-4668-BE54-9A1E7A4F7556}") = "Olympic_Winter_2020", "Olympic_Winter_2020\Olympic_Winter_2020.csproj", "{05696F90-313C-4611-A7CB-B05C6FA78650}"
EndProject
Project("{FAE04EC0-301F-11D3-BF4B-00C04F79EFBC}") = "UnitTest_Olympics", "UnitTest_Olympics\UnitTest_Olympics.csproj", "{CF9FC46E-2D3E-4FB9-B8F1-349D98894E50}"
EndProject
Global
	GlobalSection(SolutionConfigurationPlatforms) = preSolution
		Debug|Any CPU = Debug|Any CPU
		Release|Any CPU = Release|Any CPU
	EndGlobalSection
	GlobalSection(ProjectConfigurationPlatforms) = postSolution
		{05696F90-313C-4611-A7CB-B05C6FA78650}.Debug|Any CPU.ActiveCfg = Debug|Any CPU
		{05696F90-313C-4611-A7CB-B05C6FA78650}.Debug|Any CPU.Build.0 = Debug|Any CPU
		{05696F90-313C-4611-A7CB-B05C6FA78650}.Release|Any CPU.ActiveCfg = Release|Any CPU
		{05696F90-313C-4611-A7CB-B05C6FA78650}.Release|Any CPU.Build.0 = Release|Any CPU
		{CF9FC46E-2D3E-4FB9-B8F1-349D98894E50}.Debug|Any CPU.ActiveCfg = Debug|Any CPU
		{CF9FC46E-2D3E-4FB9-B8F1-349D98894E50}.Debug|Any CPU.Build.0 = Debug|Any CPU
		{CF9FC46E-2D3E-4FB9-B8F1-349D98894E50}.Release|Any CPU.ActiveCfg = Release|Any CPU
		{CF9FC46E-2D3E-4FB9-B8F1-349D98894E50}.Release|Any CPU.Build.0 = Release|Any CPU
	EndGlobalSection
	GlobalSection(SolutionProperties) = preSolution
		HideSolutionNode = FALSE
	EndGlobalSection
	GlobalSection(ExtensibilityGlobals) = postSolution
		SolutionGuid = {C0922E8F-FD36-40EB-A0ED-B9D75DB450BC}
	EndGlobalSection
EndGlobal
